
Microsoft Visual Studio Solution File, Format Version 12.00
# Visual Studio 15
VisualStudioVersion = 15.0.26430.6
MinimumVisualStudioVersion = 10.0.40219.1
Project("{FAE04EC0-301F-11D3-BF4B-00C04F79EFBC}") = "WebApplication1", "WebApplication1\WebApplication1.csproj", "{805E7DAA-6CF0-4C3D-B778-8C8B7C290663}"
EndProject
Project("{FAE04EC0-301F-11D3-BF4B-00C04F79EFBC}") = "Web.DAl", "Web.DAl\Web.DAl.csproj", "{1699E51E-1C92-41B3-9769-FC155CDFE1CC}"
EndProject
Project("{FAE04EC0-301F-11D3-BF4B-00C04F79EFBC}") = "Web.BAL", "Web.BAL\Web.BAL.csproj", "{8262AE8E-9F3B-4F1A-A152-4CFAEF4A902A}"
EndProject
Project("{FAE04EC0-301F-11D3-BF4B-00C04F79EFBC}") = "Web.DTO", "Web.DTO\Web.DTO.csproj", "{14D6F307-CF4A-4702-943C-D1BCBC7B4885}"
EndProject
Global
	GlobalSection(SolutionConfigurationPlatforms) = preSolution
		Debug|Any CPU = Debug|Any CPU
		Release|Any CPU = Release|Any CPU
	EndGlobalSection
	GlobalSection(ProjectConfigurationPlatforms) = postSolution
		{805E7DAA-6CF0-4C3D-B778-8C8B7C290663}.Debug|Any CPU.ActiveCfg = Debug|Any CPU
		{805E7DAA-6CF0-4C3D-B778-8C8B7C290663}.Debug|Any CPU.Build.0 = Debug|Any CPU
		{805E7DAA-6CF0-4C3D-B778-8C8B7C290663}.Release|Any CPU.ActiveCfg = Release|Any CPU
		{805E7DAA-6CF0-4C3D-B778-8C8B7C290663}.Release|Any CPU.Build.0 = Release|Any CPU
		{1699E51E-1C92-41B3-9769-FC155CDFE1CC}.Debug|Any CPU.ActiveCfg = Debug|Any CPU
		{1699E51E-1C92-41B3-9769-FC155CDFE1CC}.Debug|Any CPU.Build.0 = Debug|Any CPU
		{1699E51E-1C92-41B3-9769-FC155CDFE1CC}.Release|Any CPU.ActiveCfg = Release|Any CPU
		{1699E51E-1C92-41B3-9769-FC155CDFE1CC}.Release|Any CPU.Build.0 = Release|Any CPU
		{8262AE8E-9F3B-4F1A-A152-4CFAEF4A902A}.Debug|Any CPU.ActiveCfg = Debug|Any CPU
		{8262AE8E-9F3B-4F1A-A152-4CFAEF4A902A}.Debug|Any CPU.Build.0 = Debug|Any CPU
		{8262AE8E-9F3B-4F1A-A152-4CFAEF4A902A}.Release|Any CPU.ActiveCfg = Release|Any CPU
		{8262AE8E-9F3B-4F1A-A152-4CFAEF4A902A}.Release|Any CPU.Build.0 = Release|Any CPU
		{14D6F307-CF4A-4702-943C-D1BCBC7B4885}.Debug|Any CPU.ActiveCfg = Debug|Any CPU
		{14D6F307-CF4A-4702-943C-D1BCBC7B4885}.Debug|Any CPU.Build.0 = Debug|Any CPU
		{14D6F307-CF4A-4702-943C-D1BCBC7B4885}.Release|Any CPU.ActiveCfg = Release|Any CPU
		{14D6F307-CF4A-4702-943C-D1BCBC7B4885}.Release|Any CPU.Build.0 = Release|Any CPU
	EndGlobalSection
	GlobalSection(SolutionProperties) = preSolution
		HideSolutionNode = FALSE
	EndGlobalSection
EndGlobal
